
Microsoft Visual Studio Solution File, Format Version 12.00
# Visual Studio Version 17
VisualStudioVersion = 17.6.33712.159
MinimumVisualStudioVersion = 10.0.40219.1
Project("{FAE04EC0-301F-11D3-BF4B-00C04F79EFBC}") = "Roommates", "Roommates\Roommates.csproj", "{FEC54756-880E-4142-A7C0-6DA63CFE040E}"
EndProject
Global
	GlobalSection(SolutionConfigurationPlatforms) = preSolution
		Debug|Any CPU = Debug|Any CPU
		Release|Any CPU = Release|Any CPU
	EndGlobalSection
	GlobalSection(ProjectConfigurationPlatforms) = postSolution
		{FEC54756-880E-4142-A7C0-6DA63CFE040E}.Debug|Any CPU.ActiveCfg = Debug|Any CPU
		{FEC54756-880E-4142-A7C0-6DA63CFE040E}.Debug|Any CPU.Build.0 = Debug|Any CPU
		{FEC54756-880E-4142-A7C0-6DA63CFE040E}.Release|Any CPU.ActiveCfg = Release|Any CPU
		{FEC54756-880E-4142-A7C0-6DA63CFE040E}.Release|Any CPU.Build.0 = Release|Any CPU
	EndGlobalSection
	GlobalSection(SolutionProperties) = preSolution
		HideSolutionNode = FALSE
	EndGlobalSection
	GlobalSection(ExtensibilityGlobals) = postSolution
		SolutionGuid = {2D821EB5-549A-47E8-A7B6-54FB8E664153}
	EndGlobalSection
EndGlobal
